
Microsoft Visual Studio Solution File, Format Version 12.00
# Visual Studio 15
Project("{9344BDBB-3E7F-41FC-A0DD-8665D75EE146}") = "Xamarin.DataAnnotationsReflection.Android", "Xamarin.DataAnnotationsReflection.Android\Xamarin.DataAnnotationsReflection.Android.csproj", "{CAD404FC-B7FD-415A-B3F9-BF816B25F0D7}"
EndProject
Project("{9344BDBB-3E7F-41FC-A0DD-8665D75EE146}") = "Xamarin.DataAnnotationsReflection.iOS", "Xamarin.DataAnnotationsReflection.iOS\Xamarin.DataAnnotationsReflection.iOS.csproj", "{56FC18AD-0209-4D09-B78E-A0BE7B07F912}"
EndProject
Project("{9344BDBB-3E7F-41FC-A0DD-8665D75EE146}") = "Xamarin.DataAnnotationsReflection.UITests", "Xamarin.DataAnnotationsReflection.UITests\Xamarin.DataAnnotationsReflection.UITests.csproj", "{CAC3AD86-6FBC-4388-BA6A-F9DDB8C70F30}"
EndProject
Project("{FAE04EC0-301F-11D3-BF4B-00C04F79EFBC}") = "Xamarin.DataAnnotationsReflection", "Xamarin.DataAnnotationsReflection\Xamarin.DataAnnotationsReflection.csproj", "{780DCBE5-5504-429F-A05A-338D0DA4165B}"
EndProject
Global
	GlobalSection(SolutionConfigurationPlatforms) = preSolution
		Debug|Any CPU = Debug|Any CPU
		Release|Any CPU = Release|Any CPU
		Debug|iPhoneSimulator = Debug|iPhoneSimulator
		Release|iPhoneSimulator = Release|iPhoneSimulator
		Debug|iPhone = Debug|iPhone
		Release|iPhone = Release|iPhone
	EndGlobalSection
	GlobalSection(ProjectConfigurationPlatforms) = postSolution
		{CAD404FC-B7FD-415A-B3F9-BF816B25F0D7}.Debug|Any CPU.ActiveCfg = Debug|Any CPU
		{CAD404FC-B7FD-415A-B3F9-BF816B25F0D7}.Debug|Any CPU.Build.0 = Debug|Any CPU
		{CAD404FC-B7FD-415A-B3F9-BF816B25F0D7}.Release|Any CPU.ActiveCfg = Release|Any CPU
		{CAD404FC-B7FD-415A-B3F9-BF816B25F0D7}.Release|Any CPU.Build.0 = Release|Any CPU
		{CAD404FC-B7FD-415A-B3F9-BF816B25F0D7}.Debug|iPhoneSimulator.ActiveCfg = Debug|Any CPU
		{CAD404FC-B7FD-415A-B3F9-BF816B25F0D7}.Debug|iPhoneSimulator.Build.0 = Debug|Any CPU
		{CAD404FC-B7FD-415A-B3F9-BF816B25F0D7}.Release|iPhoneSimulator.ActiveCfg = Release|Any CPU
		{CAD404FC-B7FD-415A-B3F9-BF816B25F0D7}.Release|iPhoneSimulator.Build.0 = Release|Any CPU
		{CAD404FC-B7FD-415A-B3F9-BF816B25F0D7}.Debug|iPhone.ActiveCfg = Debug|Any CPU
		{CAD404FC-B7FD-415A-B3F9-BF816B25F0D7}.Debug|iPhone.Build.0 = Debug|Any CPU
		{CAD404FC-B7FD-415A-B3F9-BF816B25F0D7}.Release|iPhone.ActiveCfg = Release|Any CPU
		{CAD404FC-B7FD-415A-B3F9-BF816B25F0D7}.Release|iPhone.Build.0 = Release|Any CPU
		{56FC18AD-0209-4D09-B78E-A0BE7B07F912}.Debug|Any CPU.ActiveCfg = Debug|iPhoneSimulator
		{56FC18AD-0209-4D09-B78E-A0BE7B07F912}.Debug|Any CPU.Build.0 = Debug|iPhoneSimulator
		{56FC18AD-0209-4D09-B78E-A0BE7B07F912}.Release|Any CPU.ActiveCfg = Release|iPhoneSimulator
		{56FC18AD-0209-4D09-B78E-A0BE7B07F912}.Release|Any CPU.Build.0 = Release|iPhoneSimulator
		{56FC18AD-0209-4D09-B78E-A0BE7B07F912}.Debug|iPhoneSimulator.ActiveCfg = Debug|iPhoneSimulator
		{56FC18AD-0209-4D09-B78E-A0BE7B07F912}.Debug|iPhoneSimulator.Build.0 = Debug|iPhoneSimulator
		{56FC18AD-0209-4D09-B78E-A0BE7B07F912}.Release|iPhoneSimulator.ActiveCfg = Release|iPhoneSimulator
		{56FC18AD-0209-4D09-B78E-A0BE7B07F912}.Release|iPhoneSimulator.Build.0 = Release|iPhoneSimulator
		{56FC18AD-0209-4D09-B78E-A0BE7B07F912}.Debug|iPhone.ActiveCfg = Debug|iPhone
		{56FC18AD-0209-4D09-B78E-A0BE7B07F912}.Debug|iPhone.Build.0 = Debug|iPhone
		{56FC18AD-0209-4D09-B78E-A0BE7B07F912}.Release|iPhone.ActiveCfg = Release|iPhone
		{56FC18AD-0209-4D09-B78E-A0BE7B07F912}.Release|iPhone.Build.0 = Release|iPhone
		{CAC3AD86-6FBC-4388-BA6A-F9DDB8C70F30}.Debug|Any CPU.ActiveCfg = Debug|Any CPU
		{CAC3AD86-6FBC-4388-BA6A-F9DDB8C70F30}.Debug|Any CPU.Build.0 = Debug|Any CPU
		{CAC3AD86-6FBC-4388-BA6A-F9DDB8C70F30}.Release|Any CPU.ActiveCfg = Release|Any CPU
		{CAC3AD86-6FBC-4388-BA6A-F9DDB8C70F30}.Release|Any CPU.Build.0 = Release|Any CPU
		{CAC3AD86-6FBC-4388-BA6A-F9DDB8C70F30}.Debug|iPhoneSimulator.ActiveCfg = Debug|Any CPU
		{CAC3AD86-6FBC-4388-BA6A-F9DDB8C70F30}.Debug|iPhoneSimulator.Build.0 = Debug|Any CPU
		{CAC3AD86-6FBC-4388-BA6A-F9DDB8C70F30}.Release|iPhoneSimulator.ActiveCfg = Release|Any CPU
		{CAC3AD86-6FBC-4388-BA6A-F9DDB8C70F30}.Release|iPhoneSimulator.Build.0 = Release|Any CPU
		{CAC3AD86-6FBC-4388-BA6A-F9DDB8C70F30}.Debug|iPhone.ActiveCfg = Debug|Any CPU
		{CAC3AD86-6FBC-4388-BA6A-F9DDB8C70F30}.Debug|iPhone.Build.0 = Debug|Any CPU
		{CAC3AD86-6FBC-4388-BA6A-F9DDB8C70F30}.Release|iPhone.ActiveCfg = Release|Any CPU
		{CAC3AD86-6FBC-4388-BA6A-F9DDB8C70F30}.Release|iPhone.Build.0 = Release|Any CPU
		{780DCBE5-5504-429F-A05A-338D0DA4165B}.Debug|Any CPU.ActiveCfg = Debug|Any CPU
		{780DCBE5-5504-429F-A05A-338D0DA4165B}.Debug|Any CPU.Build.0 = Debug|Any CPU
		{780DCBE5-5504-429F-A05A-338D0DA4165B}.Release|Any CPU.ActiveCfg = Release|Any CPU
		{780DCBE5-5504-429F-A05A-338D0DA4165B}.Release|Any CPU.Build.0 = Release|Any CPU
		{780DCBE5-5504-429F-A05A-338D0DA4165B}.Debug|iPhoneSimulator.ActiveCfg = Debug|Any CPU
		{780DCBE5-5504-429F-A05A-338D0DA4165B}.Debug|iPhoneSimulator.Build.0 = Debug|Any CPU
		{780DCBE5-5504-429F-A05A-338D0DA4165B}.Release|iPhoneSimulator.ActiveCfg = Release|Any CPU
		{780DCBE5-5504-429F-A05A-338D0DA4165B}.Release|iPhoneSimulator.Build.0 = Release|Any CPU
		{780DCBE5-5504-429F-A05A-338D0DA4165B}.Debug|iPhone.ActiveCfg = Debug|Any CPU
		{780DCBE5-5504-429F-A05A-338D0DA4165B}.Debug|iPhone.Build.0 = Debug|Any CPU
		{780DCBE5-5504-429F-A05A-338D0DA4165B}.Release|iPhone.ActiveCfg = Release|Any CPU
		{780DCBE5-5504-429F-A05A-338D0DA4165B}.Release|iPhone.Build.0 = Release|Any CPU
	EndGlobalSection
EndGlobal
